
Microsoft Visual Studio Solution File, Format Version 12.00
# Visual Studio Version 17
VisualStudioVersion = 17.10.35013.160
MinimumVisualStudioVersion = 10.0.40219.1
Project("{9A19103F-16F7-4668-BE54-9A1E7A4F7556}") = "Calendar.Common", "Calendar.Common\Calendar.Common.csproj", "{432E3AC1-3BF7-468C-A1F3-07282BC190A5}"
EndProject
Project("{9A19103F-16F7-4668-BE54-9A1E7A4F7556}") = "Calendar.Web", "Calendar.Web\Calendar.Web.csproj", "{E3300B88-89C8-49DA-97C3-9A32AFEA171A}"
EndProject
Project("{9A19103F-16F7-4668-BE54-9A1E7A4F7556}") = "Calendar.Application", "Calendar.Service\Calendar.Application.csproj", "{1CBBFEC1-4984-4398-9DF4-7A0F3C7F497B}"
EndProject
Project("{9A19103F-16F7-4668-BE54-9A1E7A4F7556}") = "Calendar.Repository", "Calendar.Repository\Calendar.Repository.csproj", "{871CAD3F-6AC7-493E-B725-408941E73725}"
EndProject
Global
	GlobalSection(SolutionConfigurationPlatforms) = preSolution
		Debug|Any CPU = Debug|Any CPU
		Release|Any CPU = Release|Any CPU
	EndGlobalSection
	GlobalSection(ProjectConfigurationPlatforms) = postSolution
		{432E3AC1-3BF7-468C-A1F3-07282BC190A5}.Debug|Any CPU.ActiveCfg = Debug|Any CPU
		{432E3AC1-3BF7-468C-A1F3-07282BC190A5}.Debug|Any CPU.Build.0 = Debug|Any CPU
		{432E3AC1-3BF7-468C-A1F3-07282BC190A5}.Release|Any CPU.ActiveCfg = Release|Any CPU
		{432E3AC1-3BF7-468C-A1F3-07282BC190A5}.Release|Any CPU.Build.0 = Release|Any CPU
		{E3300B88-89C8-49DA-97C3-9A32AFEA171A}.Debug|Any CPU.ActiveCfg = Debug|Any CPU
		{E3300B88-89C8-49DA-97C3-9A32AFEA171A}.Debug|Any CPU.Build.0 = Debug|Any CPU
		{E3300B88-89C8-49DA-97C3-9A32AFEA171A}.Release|Any CPU.ActiveCfg = Release|Any CPU
		{E3300B88-89C8-49DA-97C3-9A32AFEA171A}.Release|Any CPU.Build.0 = Release|Any CPU
		{1CBBFEC1-4984-4398-9DF4-7A0F3C7F497B}.Debug|Any CPU.ActiveCfg = Debug|Any CPU
		{1CBBFEC1-4984-4398-9DF4-7A0F3C7F497B}.Debug|Any CPU.Build.0 = Debug|Any CPU
		{1CBBFEC1-4984-4398-9DF4-7A0F3C7F497B}.Release|Any CPU.ActiveCfg = Release|Any CPU
		{1CBBFEC1-4984-4398-9DF4-7A0F3C7F497B}.Release|Any CPU.Build.0 = Release|Any CPU
		{871CAD3F-6AC7-493E-B725-408941E73725}.Debug|Any CPU.ActiveCfg = Debug|Any CPU
		{871CAD3F-6AC7-493E-B725-408941E73725}.Debug|Any CPU.Build.0 = Debug|Any CPU
		{871CAD3F-6AC7-493E-B725-408941E73725}.Release|Any CPU.ActiveCfg = Release|Any CPU
		{871CAD3F-6AC7-493E-B725-408941E73725}.Release|Any CPU.Build.0 = Release|Any CPU
	EndGlobalSection
	GlobalSection(SolutionProperties) = preSolution
		HideSolutionNode = FALSE
	EndGlobalSection
	GlobalSection(ExtensibilityGlobals) = postSolution
		SolutionGuid = {3DBB3005-C354-44B4-94BC-529D4584116B}
	EndGlobalSection
EndGlobal
